
Microsoft Visual Studio Solution File, Format Version 12.00
# Visual Studio Version 16
VisualStudioVersion = 16.0.30621.155
MinimumVisualStudioVersion = 10.0.40219.1
Project("{9A19103F-16F7-4668-BE54-9A1E7A4F7556}") = "Stress.Game", "Stress.Game\Stress.Game.csproj", "{6E748070-1788-41A1-B936-9D3129B02994}"
EndProject
Project("{9A19103F-16F7-4668-BE54-9A1E7A4F7556}") = "Stress.Game.Tests", "Stress.Game.Tests\Stress.Game.Tests.csproj", "{77231955-25B1-43F2-9168-36AD21407D4E}"
EndProject
Project("{9A19103F-16F7-4668-BE54-9A1E7A4F7556}") = "Stress.Server", "Stress.Server\Stress.Server.csproj", "{561F2376-E6D1-4A7B-8D06-0E8616E31D84}"
EndProject
Global
	GlobalSection(SolutionConfigurationPlatforms) = preSolution
		Debug|Any CPU = Debug|Any CPU
		Release|Any CPU = Release|Any CPU
	EndGlobalSection
	GlobalSection(ProjectConfigurationPlatforms) = postSolution
		{6E748070-1788-41A1-B936-9D3129B02994}.Debug|Any CPU.ActiveCfg = Debug|Any CPU
		{6E748070-1788-41A1-B936-9D3129B02994}.Debug|Any CPU.Build.0 = Debug|Any CPU
		{6E748070-1788-41A1-B936-9D3129B02994}.Release|Any CPU.ActiveCfg = Release|Any CPU
		{6E748070-1788-41A1-B936-9D3129B02994}.Release|Any CPU.Build.0 = Release|Any CPU
		{77231955-25B1-43F2-9168-36AD21407D4E}.Debug|Any CPU.ActiveCfg = Debug|Any CPU
		{77231955-25B1-43F2-9168-36AD21407D4E}.Debug|Any CPU.Build.0 = Debug|Any CPU
		{77231955-25B1-43F2-9168-36AD21407D4E}.Release|Any CPU.ActiveCfg = Release|Any CPU
		{77231955-25B1-43F2-9168-36AD21407D4E}.Release|Any CPU.Build.0 = Release|Any CPU
		{561F2376-E6D1-4A7B-8D06-0E8616E31D84}.Debug|Any CPU.ActiveCfg = Debug|Any CPU
		{561F2376-E6D1-4A7B-8D06-0E8616E31D84}.Debug|Any CPU.Build.0 = Debug|Any CPU
		{561F2376-E6D1-4A7B-8D06-0E8616E31D84}.Release|Any CPU.ActiveCfg = Release|Any CPU
		{561F2376-E6D1-4A7B-8D06-0E8616E31D84}.Release|Any CPU.Build.0 = Release|Any CPU
	EndGlobalSection
	GlobalSection(SolutionProperties) = preSolution
		HideSolutionNode = FALSE
	EndGlobalSection
	GlobalSection(ExtensibilityGlobals) = postSolution
		SolutionGuid = {53BDB5AB-287F-4B3E-9FAF-CB3E34866295}
	EndGlobalSection
EndGlobal
